
Microsoft Visual Studio Solution File, Format Version 12.00
# Visual Studio 15
VisualStudioVersion = 15.0.27130.2010
MinimumVisualStudioVersion = 10.0.40219.1
Project("{FAE04EC0-301F-11D3-BF4B-00C04F79EFBC}") = "WebAPIDemo", "WebAPIDemo\WebAPIDemo.csproj", "{F2033310-A935-43CE-A0CF-64390C1CB08A}"
EndProject
Global
	GlobalSection(SolutionConfigurationPlatforms) = preSolution
		Debug|Any CPU = Debug|Any CPU
		Release|Any CPU = Release|Any CPU
	EndGlobalSection
	GlobalSection(ProjectConfigurationPlatforms) = postSolution
		{F2033310-A935-43CE-A0CF-64390C1CB08A}.Debug|Any CPU.ActiveCfg = Debug|Any CPU
		{F2033310-A935-43CE-A0CF-64390C1CB08A}.Debug|Any CPU.Build.0 = Debug|Any CPU
		{F2033310-A935-43CE-A0CF-64390C1CB08A}.Release|Any CPU.ActiveCfg = Release|Any CPU
		{F2033310-A935-43CE-A0CF-64390C1CB08A}.Release|Any CPU.Build.0 = Release|Any CPU
	EndGlobalSection
	GlobalSection(SolutionProperties) = preSolution
		HideSolutionNode = FALSE
	EndGlobalSection
	GlobalSection(ExtensibilityGlobals) = postSolution
		SolutionGuid = {F42E1D3C-F3AC-49BF-8F6C-F45E12F860EC}
	EndGlobalSection
EndGlobal
